
Microsoft Visual Studio Solution File, Format Version 12.00
# Visual Studio Version 16
VisualStudioVersion = 16.0.31515.178
MinimumVisualStudioVersion = 10.0.40219.1
Project("{FAE04EC0-301F-11D3-BF4B-00C04F79EFBC}") = "Property_Customer_Agent_16092021", "Property_Customer_Agent_16092021\Property_Customer_Agent_16092021.csproj", "{47B832DF-F6A2-4964-A1EB-86DA37BAFCD1}"
EndProject
Global
	GlobalSection(SolutionConfigurationPlatforms) = preSolution
		Debug|Any CPU = Debug|Any CPU
		Release|Any CPU = Release|Any CPU
	EndGlobalSection
	GlobalSection(ProjectConfigurationPlatforms) = postSolution
		{47B832DF-F6A2-4964-A1EB-86DA37BAFCD1}.Debug|Any CPU.ActiveCfg = Debug|Any CPU
		{47B832DF-F6A2-4964-A1EB-86DA37BAFCD1}.Debug|Any CPU.Build.0 = Debug|Any CPU
		{47B832DF-F6A2-4964-A1EB-86DA37BAFCD1}.Release|Any CPU.ActiveCfg = Release|Any CPU
		{47B832DF-F6A2-4964-A1EB-86DA37BAFCD1}.Release|Any CPU.Build.0 = Release|Any CPU
	EndGlobalSection
	GlobalSection(SolutionProperties) = preSolution
		HideSolutionNode = FALSE
	EndGlobalSection
	GlobalSection(ExtensibilityGlobals) = postSolution
		SolutionGuid = {84AA9A58-5F20-4233-A80A-94034398E657}
	EndGlobalSection
EndGlobal
